{
  "name": "@ghasemkiani/gemini",
  "version": "1.0.0",
  "lockfileVersion": 3,
  "requires": true,
  "packages": {
    "": {
      "name": "@ghasemkiani/gemini",
      "version": "1.0.0",
      "license": "MIT",
      "dependencies": {
        "@ghasemkiani/base": "github:ghasemkiani/base"
      }
    },
    "node_modules/@ghasemkiani/base": {
      "version": "3.3.24",
      "resolved": "git+ssh://git@github.com/ghasemkiani/base.git#eab8f94793091d27fd462032eb7b2becc02efb4b",
      "license": "MIT"
    }
  }
}
